// !$*UTF8*$!
{
	archiveVersion = 1;
	classes = {
	};
	objectVersion = 46;
	objects = {

/* Begin PBXBuildFile section */
		69D609033A38956FF9307C1E /* LaunchScreen.storyboard in Resources */ = {isa = PBXBuildFile; fileRef = 69D60CB4C20A772DB3732573 /* LaunchScreen.storyboard */; };
		69D60ADF54825C46756D62CB /* Main.storyboard in Resources */ = {isa = PBXBuildFile; fileRef = 69D6087D9034C9DE795E394C /* Main.storyboard */; };
		69D60B0C14A50B5E3BC8FE00 /* AppDelegate.swift in Sources */ = {isa = PBXBuildFile; fileRef = 69D608467CED11D41D792EFC /* AppDelegate.swift */; };
		69D60CB3AC960964BB64E665 /* Assets.xcassets in Resources */ = {isa = PBXBuildFile; fileRef = 69D60163F38DFDB61C2CC7C9 /* Assets.xcassets */; };
		69D60F4C3506C15DDD102131 /* ViewController.swift in Sources */ = {isa = PBXBuildFile; fileRef = 69D606F2FF04AD268F18CB68 /* ViewController.swift */; };
/* End PBXBuildFile section */

/* Begin PBXFileReference section */
		69D60163F38DFDB61C2CC7C9 /* Assets.xcassets */ = {isa = PBXFileReference; lastKnownFileType = folder.assetcatalog; path = Assets.xcassets; sourceTree = "<group>"; };
		69D606F2FF04AD268F18CB68 /* ViewController.swift */ = {isa = PBXFileReference; lastKnownFileType = sourcecode.swift; path = ViewController.swift; sourceTree = "<group>"; };
		69D608467CED11D41D792EFC /* AppDelegate.swift */ = {isa = PBXFileReference; lastKnownFileType = sourcecode.swift; path = AppDelegate.swift; sourceTree = "<group>"; };
		69D608ED44593A23C0F8411F /* Base */ = {isa = PBXFileReference; lastKnownFileType = file.storyboard; name = Base; path = Base.lproj/LaunchScreen.storyboard; sourceTree = "<group>"; };
		69D60978CA204D7644FAD7B2 /* Base */ = {isa = PBXFileReference; lastKnownFileType = file.storyboard; name = Base; path = Base.lproj/Main.storyboard; sourceTree = "<group>"; };
		69D60BA2D4CF00EB0DF29042 /* Info.plist */ = {isa = PBXFileReference; lastKnownFileType = text.plist.info; path = Info.plist; sourceTree = "<group>"; };
		69D60BA9C5A773800C3A997E /* Hugh.app */ = {isa = PBXFileReference; explicitFileType = wrapper.application; includeInIndex = 0; path = Hugh.app; sourceTree = BUILT_PRODUCTS_DIR; };
/* End PBXFileReference section */

/* Begin PBXFrameworksBuildPhase section */
		69D60DC559291FDE8F61CDA1 /* Frameworks */ = {
			isa = PBXFrameworksBuildPhase;
			buildActionMask = 2147483647;
			files = (
			);
			runOnlyForDeploymentPostprocessing = 0;
		};
/* End PBXFrameworksBuildPhase section */

/* Begin PBXGroup section */
		69D602100532EE090F023154 /* Products */ = {
			isa = PBXGroup;
			children = (
				69D60BA9C5A773800C3A997E /* Hugh.app */,
			);
			name = Products;
			sourceTree = "<group>";
		};
		69D6024DC2ACBC18173CDB31 /* Hugh */ = {
			isa = PBXGroup;
			children = (
				69D60BA2D4CF00EB0DF29042 /* Info.plist */,
				69D60163F38DFDB61C2CC7C9 /* Assets.xcassets */,
				69D60CB4C20A772DB3732573 /* LaunchScreen.storyboard */,
				69D608467CED11D41D792EFC /* AppDelegate.swift */,
				69D6087D9034C9DE795E394C /* Main.storyboard */,
				69D606F2FF04AD268F18CB68 /* ViewController.swift */,
			);
			path = Hugh;
			sourceTree = "<group>";
		};
		69D60B69FA5F87731E83E598 = {
			isa = PBXGroup;
			children = (
				69D602100532EE090F023154 /* Products */,
				69D6024DC2ACBC18173CDB31 /* Hugh */,
			);
			sourceTree = "<group>";
		};
/* End PBXGroup section */

/* Begin PBXNativeTarget section */
		69D607095167B3FFCFF5DC3E /* Hugh */ = {
			isa = PBXNativeTarget;
			buildConfigurationList = 69D607B93487D6726C9B8106 /* Build configuration list for PBXNativeTarget "Hugh" */;
			buildPhases = (
				69D60A96CF6CB121EDD6F3E6 /* Sources */,
				69D60DC559291FDE8F61CDA1 /* Frameworks */,
				69D60CA3A40378F1E2AE4988 /* Resources */,
			);
			buildRules = (
			);
			dependencies = (
			);
			name = Hugh;
			productName = Hugh;
			productReference = 69D60BA9C5A773800C3A997E /* Hugh.app */;
			productType = "com.apple.product-type.application";
		};
/* End PBXNativeTarget section */

/* Begin PBXProject section */
		69D60648F158DDA4BD4E13E3 /* Project object */ = {
			isa = PBXProject;
			attributes = {
				ORGANIZATIONNAME = "___FULLUSERNAME___";
			};
			buildConfigurationList = 69D60DBCBF037E6B5FBC0EA8 /* Build configuration list for PBXProject "Hugh" */;
			compatibilityVersion = "Xcode 3.2";
			developmentRegion = English;
			hasScannedForEncodings = 0;
			knownRegions = (
				en,
			);
			mainGroup = 69D60B69FA5F87731E83E598;
			productRefGroup = 69D602100532EE090F023154 /* Products */;
			projectDirPath = "";
			projectRoot = "";
			targets = (
				69D607095167B3FFCFF5DC3E /* Hugh */,
			);
		};
/* End PBXProject section */

/* Begin PBXResourcesBuildPhase section */
		69D60CA3A40378F1E2AE4988 /* Resources */ = {
			isa = PBXResourcesBuildPhase;
			buildActionMask = 2147483647;
			files = (
				69D60CB3AC960964BB64E665 /* Assets.xcassets in Resources */,
				69D609033A38956FF9307C1E /* LaunchScreen.storyboard in Resources */,
				69D60ADF54825C46756D62CB /* Main.storyboard in Resources */,
			);
			runOnlyForDeploymentPostprocessing = 0;
		};
/* End PBXResourcesBuildPhase section */

/* Begin PBXSourcesBuildPhase section */
		69D60A96CF6CB121EDD6F3E6 /* Sources */ = {
			isa = PBXSourcesBuildPhase;
			buildActionMask = 2147483647;
			files = (
				69D60B0C14A50B5E3BC8FE00 /* AppDelegate.swift in Sources */,
				69D60F4C3506C15DDD102131 /* ViewController.swift in Sources */,
			);
			runOnlyForDeploymentPostprocessing = 0;
		};
/* End PBXSourcesBuildPhase section */

/* Begin PBXVariantGroup section */
		69D6087D9034C9DE795E394C /* Main.storyboard */ = {
			isa = PBXVariantGroup;
			children = (
				69D60978CA204D7644FAD7B2 /* Base */,
			);
			name = Main.storyboard;
			sourceTree = "<group>";
		};
		69D60CB4C20A772DB3732573 /* LaunchScreen.storyboard */ = {
			isa = PBXVariantGroup;
			children = (
				69D608ED44593A23C0F8411F /* Base */,
			);
			name = LaunchScreen.storyboard;
			sourceTree = "<group>";
		};
/* End PBXVariantGroup section */

/* Begin XCBuildConfiguration section */
		69D600297DF8F0803AD57036 /* Debug */ = {
			isa = XCBuildConfiguration;
			buildSettings = {
				ALWAYS_SEARCH_USER_PATHS = NO;
				CLANG_ANALYZER_NONNULL = YES;
				CLANG_ANALYZER_NUMBER_OBJECT_CONVERSION = YES_AGGRESSIVE;
				CLANG_CXX_LANGUAGE_STANDARD = "gnu++14";
				CLANG_CXX_LIBRARY = "libc++";
				CLANG_ENABLE_MODULES = YES;
				CLANG_ENABLE_OBJC_ARC = YES;
				CLANG_WARN_BLOCK_CAPTURE_AUTORELEASING = YES;
				CLANG_WARN_BOOL_CONVERSION = YES;
				CLANG_WARN_COMMA = YES;
				CLANG_WARN_CONSTANT_CONVERSION = YES;
				CLANG_WARN_DIRECT_OBJC_ISA_USAGE = YES_ERROR;
				CLANG_WARN_DOCUMENTATION_COMMENTS = YES;
				CLANG_WARN_EMPTY_BODY = YES;
				CLANG_WARN_ENUM_CONVERSION = YES;
				CLANG_WARN_INFINITE_RECURSION = YES;
				CLANG_WARN_INT_CONVERSION = YES;
				CLANG_WARN_NON_LITERAL_NULL_CONVERSION = YES;
				CLANG_WARN_OBJC_LITERAL_CONVERSION = YES;
				CLANG_WARN_OBJC_ROOT_CLASS = YES_ERROR;
				CLANG_WARN_RANGE_LOOP_ANALYSIS = YES;
				CLANG_WARN_STRICT_PROTOTYPES = YES;
				CLANG_WARN_SUSPICIOUS_MOVE = YES;
				CLANG_WARN_UNGUARDED_AVAILABILITY = YES_AGGRESSIVE;
				CLANG_WARN_UNREACHABLE_CODE = YES;
				CLANG_WARN__DUPLICATE_METHOD_MATCH = YES;
				CODE_SIGN_IDENTITY = "iPhone Developer";
				COPY_PHASE_STRIP = NO;
				DEBUG_INFORMATION_FORMAT = dwarf;
				ENABLE_STRICT_OBJC_MSGSEND = YES;
				ENABLE_TESTABILITY = YES;
				GCC_C_LANGUAGE_STANDARD = gnu11;
				GCC_DYNAMIC_NO_PIC = NO;
				GCC_NO_COMMON_BLOCKS = YES;
				GCC_OPTIMIZATION_LEVEL = 0;
				GCC_PREPROCESSOR_DEFINITIONS = (
					"DEBUG=1",
					"$(inherited)",
				);
				GCC_WARN_64_TO_32_BIT_CONVERSION = YES;
				GCC_WARN_ABOUT_RETURN_TYPE = YES_ERROR;
				GCC_WARN_UNDECLARED_SELECTOR = YES;
				GCC_WARN_UNINITIALIZED_AUTOS = YES_AGGRESSIVE;
				GCC_WARN_UNUSED_FUNCTION = YES;
				GCC_WARN_UNUSED_VARIABLE = YES;
				IPHONEOS_DEPLOYMENT_TARGET = 11.2;
				MTL_ENABLE_DEBUG_INFO = YES;
				ONLY_ACTIVE_ARCH = YES;
				SDKROOT = iphoneos;
				SWIFT_ACTIVE_COMPILATION_CONDITIONS = DEBUG;
				SWIFT_OPTIMIZATION_LEVEL = "-Onone";
			};
			name = Debug;
		};
		69D6007EB17E740CE98FC2A1 /* Release */ = {
			isa = XCBuildConfiguration;
			buildSettings = {
				ALWAYS_SEARCH_USER_PATHS = NO;
				CLANG_ANALYZER_NONNULL = YES;
				CLANG_ANALYZER_NUMBER_OBJECT_CONVERSION = YES_AGGRESSIVE;
				CLANG_CXX_LANGUAGE_STANDARD = "gnu++14";
				CLANG_CXX_LIBRARY = "libc++";
				CLANG_ENABLE_MODULES = YES;
				CLANG_ENABLE_OBJC_ARC = YES;
				CLANG_WARN_BLOCK_CAPTURE_AUTORELEASING = YES;
				CLANG_WARN_BOOL_CONVERSION = YES;
				CLANG_WARN_COMMA = YES;
				CLANG_WARN_CONSTANT_CONVERSION = YES;
				CLANG_WARN_DIRECT_OBJC_ISA_USAGE = YES_ERROR;
				CLANG_WARN_DOCUMENTATION_COMMENTS = YES;
				CLANG_WARN_EMPTY_BODY = YES;
				CLANG_WARN_ENUM_CONVERSION = YES;
				CLANG_WARN_INFINITE_RECURSION = YES;
				CLANG_WARN_INT_CONVERSION = YES;
				CLANG_WARN_NON_LITERAL_NULL_CONVERSION = YES;
				CLANG_WARN_OBJC_LITERAL_CONVERSION = YES;
				CLANG_WARN_OBJC_ROOT_CLASS = YES_ERROR;
				CLANG_WARN_RANGE_LOOP_ANALYSIS = YES;
				CLANG_WARN_STRICT_PROTOTYPES = YES;
				CLANG_WARN_SUSPICIOUS_MOVE = YES;
				CLANG_WARN_UNGUARDED_AVAILABILITY = YES_AGGRESSIVE;
				CLANG_WARN_UNREACHABLE_CODE = YES;
				CLANG_WARN__DUPLICATE_METHOD_MATCH = YES;
				CODE_SIGN_IDENTITY = "iPhone Developer";
				COPY_PHASE_STRIP = NO;
				DEBUG_INFORMATION_FORMAT = "dwarf-with-dsym";
				ENABLE_NS_ASSERTIONS = NO;
				ENABLE_STRICT_OBJC_MSGSEND = YES;
				GCC_C_LANGUAGE_STANDARD = gnu11;
				GCC_NO_COMMON_BLOCKS = YES;
				GCC_WARN_64_TO_32_BIT_CONVERSION = YES;
				GCC_WARN_ABOUT_RETURN_TYPE = YES_ERROR;
				GCC_WARN_UNDECLARED_SELECTOR = YES;
				GCC_WARN_UNINITIALIZED_AUTOS = YES_AGGRESSIVE;
				GCC_WARN_UNUSED_FUNCTION = YES;
				GCC_WARN_UNUSED_VARIABLE = YES;
				IPHONEOS_DEPLOYMENT_TARGET = 11.2;
				MTL_ENABLE_DEBUG_INFO = NO;
				SDKROOT = iphoneos;
				SWIFT_OPTIMIZATION_LEVEL = "-Owholemodule";
				VALIDATE_PRODUCT = YES;
			};
			name = Release;
		};
		69D60A376678DC309DF4AB43 /* Debug */ = {
			isa = XCBuildConfiguration;
			buildSettings = {
				ASSETCATALOG_COMPILER_APPICON_NAME = AppIcon;
				INFOPLIST_FILE = Hugh/Info.plist;
				LD_RUNPATH_SEARCH_PATHS = "$(inherited) @executable_path/Frameworks";
				PRODUCT_BUNDLE_IDENTIFIER = me.shavenking.Hugh;
				PRODUCT_NAME = "$(TARGET_NAME)";
				SWIFT_VERSION = 4.0;
				TARGETED_DEVICE_FAMILY = "1,2";
			};
			name = Debug;
		};
		69D60E16E7564F889CD6DC46 /* Release */ = {
			isa = XCBuildConfiguration;
			buildSettings = {
				ASSETCATALOG_COMPILER_APPICON_NAME = AppIcon;
				INFOPLIST_FILE = Hugh/Info.plist;
				LD_RUNPATH_SEARCH_PATHS = "$(inherited) @executable_path/Frameworks";
				PRODUCT_BUNDLE_IDENTIFIER = me.shavenking.Hugh;
				PRODUCT_NAME = "$(TARGET_NAME)";
				SWIFT_VERSION = 4.0;
				TARGETED_DEVICE_FAMILY = "1,2";
			};
			name = Release;
		};
/* End XCBuildConfiguration section */

/* Begin XCConfigurationList section */
		69D607B93487D6726C9B8106 /* Build configuration list for PBXNativeTarget "Hugh" */ = {
			isa = XCConfigurationList;
			buildConfigurations = (
				69D60A376678DC309DF4AB43 /* Debug */,
				69D60E16E7564F889CD6DC46 /* Release */,
			);
			defaultConfigurationIsVisible = 0;
		};
		69D60DBCBF037E6B5FBC0EA8 /* Build configuration list for PBXProject "Hugh" */ = {
			isa = XCConfigurationList;
			buildConfigurations = (
				69D600297DF8F0803AD57036 /* Debug */,
				69D6007EB17E740CE98FC2A1 /* Release */,
			);
			defaultConfigurationIsVisible = 0;
			defaultConfigurationName = Release;
		};
/* End XCConfigurationList section */
	};
	rootObject = 69D60648F158DDA4BD4E13E3 /* Project object */;
}
