// !$*UTF8*$!
{
	archiveVersion = 1;
	classes = {
	};
	objectVersion = 48;
	objects = {

/* Begin PBXBuildFile section */
		2D128CB3205A038D00F73176 /* ViewController.swift in Sources */ = {isa = PBXBuildFile; fileRef = 2D128CB1205A038D00F73176 /* ViewController.swift */; };
		2D128CB4205A038D00F73176 /* ViewController.xib in Resources */ = {isa = PBXBuildFile; fileRef = 2D128CB2205A038D00F73176 /* ViewController.xib */; };
		2D128CB9205A043D00F73176 /* ProfileViewController.swift in Sources */ = {isa = PBXBuildFile; fileRef = 2D128CB7205A043D00F73176 /* ProfileViewController.swift */; };
		2D128CBA205A043D00F73176 /* ProfileViewController.xib in Resources */ = {isa = PBXBuildFile; fileRef = 2D128CB8205A043D00F73176 /* ProfileViewController.xib */; };
		2D128CBD205A06A700F73176 /* BananaTableViewCell.swift in Sources */ = {isa = PBXBuildFile; fileRef = 2D128CBB205A06A700F73176 /* BananaTableViewCell.swift */; };
		2D128CBE205A06A700F73176 /* BananaTableViewCell.xib in Resources */ = {isa = PBXBuildFile; fileRef = 2D128CBC205A06A700F73176 /* BananaTableViewCell.xib */; };
		2D128CC1205A0FCA00F73176 /* UpdateNameViewController.swift in Sources */ = {isa = PBXBuildFile; fileRef = 2D128CBF205A0FCA00F73176 /* UpdateNameViewController.swift */; };
		2D128CC2205A0FCA00F73176 /* UpdateNameViewController.xib in Resources */ = {isa = PBXBuildFile; fileRef = 2D128CC0205A0FCA00F73176 /* UpdateNameViewController.xib */; };
		2D9124DC205910BF001473BF /* AppDelegate.swift in Sources */ = {isa = PBXBuildFile; fileRef = 2D9124DB205910BF001473BF /* AppDelegate.swift */; };
		2D9124E3205910BF001473BF /* Assets.xcassets in Resources */ = {isa = PBXBuildFile; fileRef = 2D9124E2205910BF001473BF /* Assets.xcassets */; };
		2D9124E6205910BF001473BF /* LaunchScreen.storyboard in Resources */ = {isa = PBXBuildFile; fileRef = 2D9124E4205910BF001473BF /* LaunchScreen.storyboard */; };
		2D9124EF2059175C001473BF /* LeftAvatarTableViewCell.swift in Sources */ = {isa = PBXBuildFile; fileRef = 2D9124ED2059175C001473BF /* LeftAvatarTableViewCell.swift */; };
		2D9124F02059175C001473BF /* LeftAvatarTableViewCell.xib in Resources */ = {isa = PBXBuildFile; fileRef = 2D9124EE2059175C001473BF /* LeftAvatarTableViewCell.xib */; };
		2D9124F3205919DF001473BF /* TableViewCell.swift in Sources */ = {isa = PBXBuildFile; fileRef = 2D9124F1205919DF001473BF /* TableViewCell.swift */; };
		2D9124F4205919DF001473BF /* TableViewCell.xib in Resources */ = {isa = PBXBuildFile; fileRef = 2D9124F2205919DF001473BF /* TableViewCell.xib */; };
/* End PBXBuildFile section */

/* Begin PBXFileReference section */
		2D128CB1205A038D00F73176 /* ViewController.swift */ = {isa = PBXFileReference; lastKnownFileType = sourcecode.swift; path = ViewController.swift; sourceTree = "<group>"; };
		2D128CB2205A038D00F73176 /* ViewController.xib */ = {isa = PBXFileReference; lastKnownFileType = file.xib; path = ViewController.xib; sourceTree = "<group>"; };
		2D128CB7205A043D00F73176 /* ProfileViewController.swift */ = {isa = PBXFileReference; lastKnownFileType = sourcecode.swift; path = ProfileViewController.swift; sourceTree = "<group>"; };
		2D128CB8205A043D00F73176 /* ProfileViewController.xib */ = {isa = PBXFileReference; lastKnownFileType = file.xib; path = ProfileViewController.xib; sourceTree = "<group>"; };
		2D128CBB205A06A700F73176 /* BananaTableViewCell.swift */ = {isa = PBXFileReference; lastKnownFileType = sourcecode.swift; path = BananaTableViewCell.swift; sourceTree = "<group>"; };
		2D128CBC205A06A700F73176 /* BananaTableViewCell.xib */ = {isa = PBXFileReference; lastKnownFileType = file.xib; path = BananaTableViewCell.xib; sourceTree = "<group>"; };
		2D128CBF205A0FCA00F73176 /* UpdateNameViewController.swift */ = {isa = PBXFileReference; lastKnownFileType = sourcecode.swift; path = UpdateNameViewController.swift; sourceTree = "<group>"; };
		2D128CC0205A0FCA00F73176 /* UpdateNameViewController.xib */ = {isa = PBXFileReference; lastKnownFileType = file.xib; path = UpdateNameViewController.xib; sourceTree = "<group>"; };
		2D9124D8205910BE001473BF /* Hugh.app */ = {isa = PBXFileReference; explicitFileType = wrapper.application; includeInIndex = 0; path = Hugh.app; sourceTree = BUILT_PRODUCTS_DIR; };
		2D9124DB205910BF001473BF /* AppDelegate.swift */ = {isa = PBXFileReference; lastKnownFileType = sourcecode.swift; path = AppDelegate.swift; sourceTree = "<group>"; };
		2D9124E2205910BF001473BF /* Assets.xcassets */ = {isa = PBXFileReference; lastKnownFileType = folder.assetcatalog; path = Assets.xcassets; sourceTree = "<group>"; };
		2D9124E5205910BF001473BF /* Base */ = {isa = PBXFileReference; lastKnownFileType = file.storyboard; name = Base; path = Base.lproj/LaunchScreen.storyboard; sourceTree = "<group>"; };
		2D9124E7205910BF001473BF /* Info.plist */ = {isa = PBXFileReference; lastKnownFileType = text.plist.xml; path = Info.plist; sourceTree = "<group>"; };
		2D9124ED2059175C001473BF /* LeftAvatarTableViewCell.swift */ = {isa = PBXFileReference; lastKnownFileType = sourcecode.swift; path = LeftAvatarTableViewCell.swift; sourceTree = "<group>"; };
		2D9124EE2059175C001473BF /* LeftAvatarTableViewCell.xib */ = {isa = PBXFileReference; lastKnownFileType = file.xib; path = LeftAvatarTableViewCell.xib; sourceTree = "<group>"; };
		2D9124F1205919DF001473BF /* TableViewCell.swift */ = {isa = PBXFileReference; lastKnownFileType = sourcecode.swift; path = TableViewCell.swift; sourceTree = "<group>"; };
		2D9124F2205919DF001473BF /* TableViewCell.xib */ = {isa = PBXFileReference; lastKnownFileType = file.xib; path = TableViewCell.xib; sourceTree = "<group>"; };
/* End PBXFileReference section */

/* Begin PBXFrameworksBuildPhase section */
		2D9124D5205910BE001473BF /* Frameworks */ = {
			isa = PBXFrameworksBuildPhase;
			buildActionMask = 2147483647;
			files = (
			);
			runOnlyForDeploymentPostprocessing = 0;
		};
/* End PBXFrameworksBuildPhase section */

/* Begin PBXGroup section */
		2D128CB5205A040800F73176 /* ViewController */ = {
			isa = PBXGroup;
			children = (
				2D128CB1205A038D00F73176 /* ViewController.swift */,
				2D128CB2205A038D00F73176 /* ViewController.xib */,
				2D128CB7205A043D00F73176 /* ProfileViewController.swift */,
				2D128CB8205A043D00F73176 /* ProfileViewController.xib */,
				2D128CBF205A0FCA00F73176 /* UpdateNameViewController.swift */,
				2D128CC0205A0FCA00F73176 /* UpdateNameViewController.xib */,
			);
			path = ViewController;
			sourceTree = "<group>";
		};
		2D128CB6205A041900F73176 /* TableViewCell */ = {
			isa = PBXGroup;
			children = (
				2D9124F1205919DF001473BF /* TableViewCell.swift */,
				2D9124F2205919DF001473BF /* TableViewCell.xib */,
				2D128CBB205A06A700F73176 /* BananaTableViewCell.swift */,
				2D128CBC205A06A700F73176 /* BananaTableViewCell.xib */,
				2D9124ED2059175C001473BF /* LeftAvatarTableViewCell.swift */,
				2D9124EE2059175C001473BF /* LeftAvatarTableViewCell.xib */,
			);
			path = TableViewCell;
			sourceTree = "<group>";
		};
		2D9124CF205910BE001473BF = {
			isa = PBXGroup;
			children = (
				2D9124DA205910BF001473BF /* Hugh */,
				2D9124D9205910BE001473BF /* Products */,
			);
			sourceTree = "<group>";
		};
		2D9124D9205910BE001473BF /* Products */ = {
			isa = PBXGroup;
			children = (
				2D9124D8205910BE001473BF /* Hugh.app */,
			);
			name = Products;
			sourceTree = "<group>";
		};
		2D9124DA205910BF001473BF /* Hugh */ = {
			isa = PBXGroup;
			children = (
				2D9124DB205910BF001473BF /* AppDelegate.swift */,
				2D9124E2205910BF001473BF /* Assets.xcassets */,
				2D9124E4205910BF001473BF /* LaunchScreen.storyboard */,
				2D9124E7205910BF001473BF /* Info.plist */,
				2D128CB6205A041900F73176 /* TableViewCell */,
				2D128CB5205A040800F73176 /* ViewController */,
			);
			path = Hugh;
			sourceTree = "<group>";
		};
/* End PBXGroup section */

/* Begin PBXNativeTarget section */
		2D9124D7205910BE001473BF /* Hugh */ = {
			isa = PBXNativeTarget;
			buildConfigurationList = 2D9124EA205910BF001473BF /* Build configuration list for PBXNativeTarget "Hugh" */;
			buildPhases = (
				2D9124D4205910BE001473BF /* Sources */,
				2D9124D5205910BE001473BF /* Frameworks */,
				2D9124D6205910BE001473BF /* Resources */,
			);
			buildRules = (
			);
			dependencies = (
			);
			name = Hugh;
			productName = Hugh;
			productReference = 2D9124D8205910BE001473BF /* Hugh.app */;
			productType = "com.apple.product-type.application";
		};
/* End PBXNativeTarget section */

/* Begin PBXProject section */
		2D9124D0205910BE001473BF /* Project object */ = {
			isa = PBXProject;
			attributes = {
				LastSwiftUpdateCheck = 0920;
				LastUpgradeCheck = 0920;
				ORGANIZATIONNAME = "Andy Tsai";
				TargetAttributes = {
					2D9124D7205910BE001473BF = {
						CreatedOnToolsVersion = 9.2;
						ProvisioningStyle = Automatic;
					};
				};
			};
			buildConfigurationList = 2D9124D3205910BE001473BF /* Build configuration list for PBXProject "Hugh" */;
			compatibilityVersion = "Xcode 8.0";
			developmentRegion = en;
			hasScannedForEncodings = 0;
			knownRegions = (
				en,
				Base,
			);
			mainGroup = 2D9124CF205910BE001473BF;
			productRefGroup = 2D9124D9205910BE001473BF /* Products */;
			projectDirPath = "";
			projectRoot = "";
			targets = (
				2D9124D7205910BE001473BF /* Hugh */,
			);
		};
/* End PBXProject section */

/* Begin PBXResourcesBuildPhase section */
		2D9124D6205910BE001473BF /* Resources */ = {
			isa = PBXResourcesBuildPhase;
			buildActionMask = 2147483647;
			files = (
				2D128CC2205A0FCA00F73176 /* UpdateNameViewController.xib in Resources */,
				2D128CBE205A06A700F73176 /* BananaTableViewCell.xib in Resources */,
				2D128CBA205A043D00F73176 /* ProfileViewController.xib in Resources */,
				2D128CB4205A038D00F73176 /* ViewController.xib in Resources */,
				2D9124E6205910BF001473BF /* LaunchScreen.storyboard in Resources */,
				2D9124F4205919DF001473BF /* TableViewCell.xib in Resources */,
				2D9124F02059175C001473BF /* LeftAvatarTableViewCell.xib in Resources */,
				2D9124E3205910BF001473BF /* Assets.xcassets in Resources */,
			);
			runOnlyForDeploymentPostprocessing = 0;
		};
/* End PBXResourcesBuildPhase section */

/* Begin PBXSourcesBuildPhase section */
		2D9124D4205910BE001473BF /* Sources */ = {
			isa = PBXSourcesBuildPhase;
			buildActionMask = 2147483647;
			files = (
				2D128CBD205A06A700F73176 /* BananaTableViewCell.swift in Sources */,
				2D128CB3205A038D00F73176 /* ViewController.swift in Sources */,
				2D9124F3205919DF001473BF /* TableViewCell.swift in Sources */,
				2D128CC1205A0FCA00F73176 /* UpdateNameViewController.swift in Sources */,
				2D128CB9205A043D00F73176 /* ProfileViewController.swift in Sources */,
				2D9124DC205910BF001473BF /* AppDelegate.swift in Sources */,
				2D9124EF2059175C001473BF /* LeftAvatarTableViewCell.swift in Sources */,
			);
			runOnlyForDeploymentPostprocessing = 0;
		};
/* End PBXSourcesBuildPhase section */

/* Begin PBXVariantGroup section */
		2D9124E4205910BF001473BF /* LaunchScreen.storyboard */ = {
			isa = PBXVariantGroup;
			children = (
				2D9124E5205910BF001473BF /* Base */,
			);
			name = LaunchScreen.storyboard;
			sourceTree = "<group>";
		};
/* End PBXVariantGroup section */

/* Begin XCBuildConfiguration section */
		2D9124E8205910BF001473BF /* Debug */ = {
			isa = XCBuildConfiguration;
			buildSettings = {
				ALWAYS_SEARCH_USER_PATHS = NO;
				CLANG_ANALYZER_NONNULL = YES;
				CLANG_ANALYZER_NUMBER_OBJECT_CONVERSION = YES_AGGRESSIVE;
				CLANG_CXX_LANGUAGE_STANDARD = "gnu++14";
				CLANG_CXX_LIBRARY = "libc++";
				CLANG_ENABLE_MODULES = YES;
				CLANG_ENABLE_OBJC_ARC = YES;
				CLANG_WARN_BLOCK_CAPTURE_AUTORELEASING = YES;
				CLANG_WARN_BOOL_CONVERSION = YES;
				CLANG_WARN_COMMA = YES;
				CLANG_WARN_CONSTANT_CONVERSION = YES;
				CLANG_WARN_DIRECT_OBJC_ISA_USAGE = YES_ERROR;
				CLANG_WARN_DOCUMENTATION_COMMENTS = YES;
				CLANG_WARN_EMPTY_BODY = YES;
				CLANG_WARN_ENUM_CONVERSION = YES;
				CLANG_WARN_INFINITE_RECURSION = YES;
				CLANG_WARN_INT_CONVERSION = YES;
				CLANG_WARN_NON_LITERAL_NULL_CONVERSION = YES;
				CLANG_WARN_OBJC_LITERAL_CONVERSION = YES;
				CLANG_WARN_OBJC_ROOT_CLASS = YES_ERROR;
				CLANG_WARN_RANGE_LOOP_ANALYSIS = YES;
				CLANG_WARN_STRICT_PROTOTYPES = YES;
				CLANG_WARN_SUSPICIOUS_MOVE = YES;
				CLANG_WARN_UNGUARDED_AVAILABILITY = YES_AGGRESSIVE;
				CLANG_WARN_UNREACHABLE_CODE = YES;
				CLANG_WARN__DUPLICATE_METHOD_MATCH = YES;
				CODE_SIGN_IDENTITY = "iPhone Developer";
				COPY_PHASE_STRIP = NO;
				DEBUG_INFORMATION_FORMAT = dwarf;
				ENABLE_STRICT_OBJC_MSGSEND = YES;
				ENABLE_TESTABILITY = YES;
				GCC_C_LANGUAGE_STANDARD = gnu11;
				GCC_DYNAMIC_NO_PIC = NO;
				GCC_NO_COMMON_BLOCKS = YES;
				GCC_OPTIMIZATION_LEVEL = 0;
				GCC_PREPROCESSOR_DEFINITIONS = (
					"DEBUG=1",
					"$(inherited)",
				);
				GCC_WARN_64_TO_32_BIT_CONVERSION = YES;
				GCC_WARN_ABOUT_RETURN_TYPE = YES_ERROR;
				GCC_WARN_UNDECLARED_SELECTOR = YES;
				GCC_WARN_UNINITIALIZED_AUTOS = YES_AGGRESSIVE;
				GCC_WARN_UNUSED_FUNCTION = YES;
				GCC_WARN_UNUSED_VARIABLE = YES;
				IPHONEOS_DEPLOYMENT_TARGET = 11.2;
				MTL_ENABLE_DEBUG_INFO = YES;
				ONLY_ACTIVE_ARCH = YES;
				SDKROOT = iphoneos;
				SWIFT_ACTIVE_COMPILATION_CONDITIONS = DEBUG;
				SWIFT_OPTIMIZATION_LEVEL = "-Onone";
			};
			name = Debug;
		};
		2D9124E9205910BF001473BF /* Release */ = {
			isa = XCBuildConfiguration;
			buildSettings = {
				ALWAYS_SEARCH_USER_PATHS = NO;
				CLANG_ANALYZER_NONNULL = YES;
				CLANG_ANALYZER_NUMBER_OBJECT_CONVERSION = YES_AGGRESSIVE;
				CLANG_CXX_LANGUAGE_STANDARD = "gnu++14";
				CLANG_CXX_LIBRARY = "libc++";
				CLANG_ENABLE_MODULES = YES;
				CLANG_ENABLE_OBJC_ARC = YES;
				CLANG_WARN_BLOCK_CAPTURE_AUTORELEASING = YES;
				CLANG_WARN_BOOL_CONVERSION = YES;
				CLANG_WARN_COMMA = YES;
				CLANG_WARN_CONSTANT_CONVERSION = YES;
				CLANG_WARN_DIRECT_OBJC_ISA_USAGE = YES_ERROR;
				CLANG_WARN_DOCUMENTATION_COMMENTS = YES;
				CLANG_WARN_EMPTY_BODY = YES;
				CLANG_WARN_ENUM_CONVERSION = YES;
				CLANG_WARN_INFINITE_RECURSION = YES;
				CLANG_WARN_INT_CONVERSION = YES;
				CLANG_WARN_NON_LITERAL_NULL_CONVERSION = YES;
				CLANG_WARN_OBJC_LITERAL_CONVERSION = YES;
				CLANG_WARN_OBJC_ROOT_CLASS = YES_ERROR;
				CLANG_WARN_RANGE_LOOP_ANALYSIS = YES;
				CLANG_WARN_STRICT_PROTOTYPES = YES;
				CLANG_WARN_SUSPICIOUS_MOVE = YES;
				CLANG_WARN_UNGUARDED_AVAILABILITY = YES_AGGRESSIVE;
				CLANG_WARN_UNREACHABLE_CODE = YES;
				CLANG_WARN__DUPLICATE_METHOD_MATCH = YES;
				CODE_SIGN_IDENTITY = "iPhone Developer";
				COPY_PHASE_STRIP = NO;
				DEBUG_INFORMATION_FORMAT = "dwarf-with-dsym";
				ENABLE_NS_ASSERTIONS = NO;
				ENABLE_STRICT_OBJC_MSGSEND = YES;
				GCC_C_LANGUAGE_STANDARD = gnu11;
				GCC_NO_COMMON_BLOCKS = YES;
				GCC_WARN_64_TO_32_BIT_CONVERSION = YES;
				GCC_WARN_ABOUT_RETURN_TYPE = YES_ERROR;
				GCC_WARN_UNDECLARED_SELECTOR = YES;
				GCC_WARN_UNINITIALIZED_AUTOS = YES_AGGRESSIVE;
				GCC_WARN_UNUSED_FUNCTION = YES;
				GCC_WARN_UNUSED_VARIABLE = YES;
				IPHONEOS_DEPLOYMENT_TARGET = 11.2;
				MTL_ENABLE_DEBUG_INFO = NO;
				SDKROOT = iphoneos;
				SWIFT_OPTIMIZATION_LEVEL = "-Owholemodule";
				VALIDATE_PRODUCT = YES;
			};
			name = Release;
		};
		2D9124EB205910BF001473BF /* Debug */ = {
			isa = XCBuildConfiguration;
			buildSettings = {
				ASSETCATALOG_COMPILER_APPICON_NAME = AppIcon;
				CODE_SIGN_STYLE = Automatic;
				DEVELOPMENT_TEAM = K89GKBEV27;
				INFOPLIST_FILE = Hugh/Info.plist;
				LD_RUNPATH_SEARCH_PATHS = "$(inherited) @executable_path/Frameworks";
				PRODUCT_BUNDLE_IDENTIFIER = me.shavenking.Hugh;
				PRODUCT_NAME = "$(TARGET_NAME)";
				SWIFT_VERSION = 4.0;
				TARGETED_DEVICE_FAMILY = "1,2";
			};
			name = Debug;
		};
		2D9124EC205910BF001473BF /* Release */ = {
			isa = XCBuildConfiguration;
			buildSettings = {
				ASSETCATALOG_COMPILER_APPICON_NAME = AppIcon;
				CODE_SIGN_STYLE = Automatic;
				DEVELOPMENT_TEAM = K89GKBEV27;
				INFOPLIST_FILE = Hugh/Info.plist;
				LD_RUNPATH_SEARCH_PATHS = "$(inherited) @executable_path/Frameworks";
				PRODUCT_BUNDLE_IDENTIFIER = me.shavenking.Hugh;
				PRODUCT_NAME = "$(TARGET_NAME)";
				SWIFT_VERSION = 4.0;
				TARGETED_DEVICE_FAMILY = "1,2";
			};
			name = Release;
		};
/* End XCBuildConfiguration section */

/* Begin XCConfigurationList section */
		2D9124D3205910BE001473BF /* Build configuration list for PBXProject "Hugh" */ = {
			isa = XCConfigurationList;
			buildConfigurations = (
				2D9124E8205910BF001473BF /* Debug */,
				2D9124E9205910BF001473BF /* Release */,
			);
			defaultConfigurationIsVisible = 0;
			defaultConfigurationName = Release;
		};
		2D9124EA205910BF001473BF /* Build configuration list for PBXNativeTarget "Hugh" */ = {
			isa = XCConfigurationList;
			buildConfigurations = (
				2D9124EB205910BF001473BF /* Debug */,
				2D9124EC205910BF001473BF /* Release */,
			);
			defaultConfigurationIsVisible = 0;
			defaultConfigurationName = Release;
		};
/* End XCConfigurationList section */
	};
	rootObject = 2D9124D0205910BE001473BF /* Project object */;
}
