// !$*UTF8*$!
{
	archiveVersion = 1;
	classes = {
	};
	objectVersion = 48;
	objects = {

/* Begin PBXBuildFile section */
		A5B12B55205910E700E4787E /* AppDelegate.swift in Sources */ = {isa = PBXBuildFile; fileRef = A5B12B54205910E700E4787E /* AppDelegate.swift */; };
		A5B12B57205910E700E4787E /* ViewController.swift in Sources */ = {isa = PBXBuildFile; fileRef = A5B12B56205910E700E4787E /* ViewController.swift */; };
		A5B12B5A205910E700E4787E /* Main.storyboard in Resources */ = {isa = PBXBuildFile; fileRef = A5B12B58205910E700E4787E /* Main.storyboard */; };
		A5B12B5C205910E700E4787E /* Assets.xcassets in Resources */ = {isa = PBXBuildFile; fileRef = A5B12B5B205910E700E4787E /* Assets.xcassets */; };
		A5B12B5F205910E700E4787E /* LaunchScreen.storyboard in Resources */ = {isa = PBXBuildFile; fileRef = A5B12B5D205910E700E4787E /* LaunchScreen.storyboard */; };
		A5B12B67205916B600E4787E /* ProfileController.swift in Sources */ = {isa = PBXBuildFile; fileRef = A5B12B66205916B600E4787E /* ProfileController.swift */; };
		A5B12B6D2059172C00E4787E /* NameViewController.swift in Sources */ = {isa = PBXBuildFile; fileRef = A5B12B6C2059172C00E4787E /* NameViewController.swift */; };
		A5B12B6F2059174C00E4787E /* SpecialTableViewCell.swift in Sources */ = {isa = PBXBuildFile; fileRef = A5B12B6E2059174B00E4787E /* SpecialTableViewCell.swift */; };
/* End PBXBuildFile section */

/* Begin PBXFileReference section */
		A5B12B51205910E700E4787E /* helloWeChat.app */ = {isa = PBXFileReference; explicitFileType = wrapper.application; includeInIndex = 0; path = helloWeChat.app; sourceTree = BUILT_PRODUCTS_DIR; };
		A5B12B54205910E700E4787E /* AppDelegate.swift */ = {isa = PBXFileReference; lastKnownFileType = sourcecode.swift; path = AppDelegate.swift; sourceTree = "<group>"; };
		A5B12B56205910E700E4787E /* ViewController.swift */ = {isa = PBXFileReference; lastKnownFileType = sourcecode.swift; path = ViewController.swift; sourceTree = "<group>"; };
		A5B12B59205910E700E4787E /* Base */ = {isa = PBXFileReference; lastKnownFileType = file.storyboard; name = Base; path = Base.lproj/Main.storyboard; sourceTree = "<group>"; };
		A5B12B5B205910E700E4787E /* Assets.xcassets */ = {isa = PBXFileReference; lastKnownFileType = folder.assetcatalog; path = Assets.xcassets; sourceTree = "<group>"; };
		A5B12B5E205910E700E4787E /* Base */ = {isa = PBXFileReference; lastKnownFileType = file.storyboard; name = Base; path = Base.lproj/LaunchScreen.storyboard; sourceTree = "<group>"; };
		A5B12B60205910E700E4787E /* Info.plist */ = {isa = PBXFileReference; lastKnownFileType = text.plist.xml; path = Info.plist; sourceTree = "<group>"; };
		A5B12B66205916B600E4787E /* ProfileController.swift */ = {isa = PBXFileReference; lastKnownFileType = sourcecode.swift; path = ProfileController.swift; sourceTree = "<group>"; };
		A5B12B6C2059172C00E4787E /* NameViewController.swift */ = {isa = PBXFileReference; lastKnownFileType = sourcecode.swift; path = NameViewController.swift; sourceTree = "<group>"; };
		A5B12B6E2059174B00E4787E /* SpecialTableViewCell.swift */ = {isa = PBXFileReference; lastKnownFileType = sourcecode.swift; path = SpecialTableViewCell.swift; sourceTree = "<group>"; };
/* End PBXFileReference section */

/* Begin PBXFrameworksBuildPhase section */
		A5B12B4E205910E700E4787E /* Frameworks */ = {
			isa = PBXFrameworksBuildPhase;
			buildActionMask = 2147483647;
			files = (
			);
			runOnlyForDeploymentPostprocessing = 0;
		};
/* End PBXFrameworksBuildPhase section */

/* Begin PBXGroup section */
		A5B12B48205910E700E4787E = {
			isa = PBXGroup;
			children = (
				A5B12B53205910E700E4787E /* helloWeChat */,
				A5B12B52205910E700E4787E /* Products */,
			);
			sourceTree = "<group>";
		};
		A5B12B52205910E700E4787E /* Products */ = {
			isa = PBXGroup;
			children = (
				A5B12B51205910E700E4787E /* helloWeChat.app */,
			);
			name = Products;
			sourceTree = "<group>";
		};
		A5B12B53205910E700E4787E /* helloWeChat */ = {
			isa = PBXGroup;
			children = (
				A5B12B54205910E700E4787E /* AppDelegate.swift */,
				A5B12B56205910E700E4787E /* ViewController.swift */,
				A5B12B6C2059172C00E4787E /* NameViewController.swift */,
				A5B12B58205910E700E4787E /* Main.storyboard */,
				A5B12B5B205910E700E4787E /* Assets.xcassets */,
				A5B12B66205916B600E4787E /* ProfileController.swift */,
				A5B12B6E2059174B00E4787E /* SpecialTableViewCell.swift */,
				A5B12B5D205910E700E4787E /* LaunchScreen.storyboard */,
				A5B12B60205910E700E4787E /* Info.plist */,
			);
			path = helloWeChat;
			sourceTree = "<group>";
		};
/* End PBXGroup section */

/* Begin PBXNativeTarget section */
		A5B12B50205910E700E4787E /* helloWeChat */ = {
			isa = PBXNativeTarget;
			buildConfigurationList = A5B12B63205910E700E4787E /* Build configuration list for PBXNativeTarget "helloWeChat" */;
			buildPhases = (
				A5B12B4D205910E700E4787E /* Sources */,
				A5B12B4E205910E700E4787E /* Frameworks */,
				A5B12B4F205910E700E4787E /* Resources */,
			);
			buildRules = (
			);
			dependencies = (
			);
			name = helloWeChat;
			productName = helloWeChat;
			productReference = A5B12B51205910E700E4787E /* helloWeChat.app */;
			productType = "com.apple.product-type.application";
		};
/* End PBXNativeTarget section */

/* Begin PBXProject section */
		A5B12B49205910E700E4787E /* Project object */ = {
			isa = PBXProject;
			attributes = {
				LastSwiftUpdateCheck = 0920;
				LastUpgradeCheck = 0920;
				ORGANIZATIONNAME = Morris;
				TargetAttributes = {
					A5B12B50205910E700E4787E = {
						CreatedOnToolsVersion = 9.2;
						ProvisioningStyle = Automatic;
					};
				};
			};
			buildConfigurationList = A5B12B4C205910E700E4787E /* Build configuration list for PBXProject "helloWeChat" */;
			compatibilityVersion = "Xcode 8.0";
			developmentRegion = en;
			hasScannedForEncodings = 0;
			knownRegions = (
				en,
				Base,
			);
			mainGroup = A5B12B48205910E700E4787E;
			productRefGroup = A5B12B52205910E700E4787E /* Products */;
			projectDirPath = "";
			projectRoot = "";
			targets = (
				A5B12B50205910E700E4787E /* helloWeChat */,
			);
		};
/* End PBXProject section */

/* Begin PBXResourcesBuildPhase section */
		A5B12B4F205910E700E4787E /* Resources */ = {
			isa = PBXResourcesBuildPhase;
			buildActionMask = 2147483647;
			files = (
				A5B12B5F205910E700E4787E /* LaunchScreen.storyboard in Resources */,
				A5B12B5C205910E700E4787E /* Assets.xcassets in Resources */,
				A5B12B5A205910E700E4787E /* Main.storyboard in Resources */,
			);
			runOnlyForDeploymentPostprocessing = 0;
		};
/* End PBXResourcesBuildPhase section */

/* Begin PBXSourcesBuildPhase section */
		A5B12B4D205910E700E4787E /* Sources */ = {
			isa = PBXSourcesBuildPhase;
			buildActionMask = 2147483647;
			files = (
				A5B12B57205910E700E4787E /* ViewController.swift in Sources */,
				A5B12B55205910E700E4787E /* AppDelegate.swift in Sources */,
				A5B12B67205916B600E4787E /* ProfileController.swift in Sources */,
				A5B12B6D2059172C00E4787E /* NameViewController.swift in Sources */,
				A5B12B6F2059174C00E4787E /* SpecialTableViewCell.swift in Sources */,
			);
			runOnlyForDeploymentPostprocessing = 0;
		};
/* End PBXSourcesBuildPhase section */

/* Begin PBXVariantGroup section */
		A5B12B58205910E700E4787E /* Main.storyboard */ = {
			isa = PBXVariantGroup;
			children = (
				A5B12B59205910E700E4787E /* Base */,
			);
			name = Main.storyboard;
			sourceTree = "<group>";
		};
		A5B12B5D205910E700E4787E /* LaunchScreen.storyboard */ = {
			isa = PBXVariantGroup;
			children = (
				A5B12B5E205910E700E4787E /* Base */,
			);
			name = LaunchScreen.storyboard;
			sourceTree = "<group>";
		};
/* End PBXVariantGroup section */

/* Begin XCBuildConfiguration section */
		A5B12B61205910E700E4787E /* Debug */ = {
			isa = XCBuildConfiguration;
			buildSettings = {
				ALWAYS_SEARCH_USER_PATHS = NO;
				CLANG_ANALYZER_NONNULL = YES;
				CLANG_ANALYZER_NUMBER_OBJECT_CONVERSION = YES_AGGRESSIVE;
				CLANG_CXX_LANGUAGE_STANDARD = "gnu++14";
				CLANG_CXX_LIBRARY = "libc++";
				CLANG_ENABLE_MODULES = YES;
				CLANG_ENABLE_OBJC_ARC = YES;
				CLANG_WARN_BLOCK_CAPTURE_AUTORELEASING = YES;
				CLANG_WARN_BOOL_CONVERSION = YES;
				CLANG_WARN_COMMA = YES;
				CLANG_WARN_CONSTANT_CONVERSION = YES;
				CLANG_WARN_DIRECT_OBJC_ISA_USAGE = YES_ERROR;
				CLANG_WARN_DOCUMENTATION_COMMENTS = YES;
				CLANG_WARN_EMPTY_BODY = YES;
				CLANG_WARN_ENUM_CONVERSION = YES;
				CLANG_WARN_INFINITE_RECURSION = YES;
				CLANG_WARN_INT_CONVERSION = YES;
				CLANG_WARN_NON_LITERAL_NULL_CONVERSION = YES;
				CLANG_WARN_OBJC_LITERAL_CONVERSION = YES;
				CLANG_WARN_OBJC_ROOT_CLASS = YES_ERROR;
				CLANG_WARN_RANGE_LOOP_ANALYSIS = YES;
				CLANG_WARN_STRICT_PROTOTYPES = YES;
				CLANG_WARN_SUSPICIOUS_MOVE = YES;
				CLANG_WARN_UNGUARDED_AVAILABILITY = YES_AGGRESSIVE;
				CLANG_WARN_UNREACHABLE_CODE = YES;
				CLANG_WARN__DUPLICATE_METHOD_MATCH = YES;
				CODE_SIGN_IDENTITY = "iPhone Developer";
				COPY_PHASE_STRIP = NO;
				DEBUG_INFORMATION_FORMAT = dwarf;
				ENABLE_STRICT_OBJC_MSGSEND = YES;
				ENABLE_TESTABILITY = YES;
				GCC_C_LANGUAGE_STANDARD = gnu11;
				GCC_DYNAMIC_NO_PIC = NO;
				GCC_NO_COMMON_BLOCKS = YES;
				GCC_OPTIMIZATION_LEVEL = 0;
				GCC_PREPROCESSOR_DEFINITIONS = (
					"DEBUG=1",
					"$(inherited)",
				);
				GCC_WARN_64_TO_32_BIT_CONVERSION = YES;
				GCC_WARN_ABOUT_RETURN_TYPE = YES_ERROR;
				GCC_WARN_UNDECLARED_SELECTOR = YES;
				GCC_WARN_UNINITIALIZED_AUTOS = YES_AGGRESSIVE;
				GCC_WARN_UNUSED_FUNCTION = YES;
				GCC_WARN_UNUSED_VARIABLE = YES;
				IPHONEOS_DEPLOYMENT_TARGET = 11.2;
				MTL_ENABLE_DEBUG_INFO = YES;
				ONLY_ACTIVE_ARCH = YES;
				SDKROOT = iphoneos;
				SWIFT_ACTIVE_COMPILATION_CONDITIONS = DEBUG;
				SWIFT_OPTIMIZATION_LEVEL = "-Onone";
			};
			name = Debug;
		};
		A5B12B62205910E700E4787E /* Release */ = {
			isa = XCBuildConfiguration;
			buildSettings = {
				ALWAYS_SEARCH_USER_PATHS = NO;
				CLANG_ANALYZER_NONNULL = YES;
				CLANG_ANALYZER_NUMBER_OBJECT_CONVERSION = YES_AGGRESSIVE;
				CLANG_CXX_LANGUAGE_STANDARD = "gnu++14";
				CLANG_CXX_LIBRARY = "libc++";
				CLANG_ENABLE_MODULES = YES;
				CLANG_ENABLE_OBJC_ARC = YES;
				CLANG_WARN_BLOCK_CAPTURE_AUTORELEASING = YES;
				CLANG_WARN_BOOL_CONVERSION = YES;
				CLANG_WARN_COMMA = YES;
				CLANG_WARN_CONSTANT_CONVERSION = YES;
				CLANG_WARN_DIRECT_OBJC_ISA_USAGE = YES_ERROR;
				CLANG_WARN_DOCUMENTATION_COMMENTS = YES;
				CLANG_WARN_EMPTY_BODY = YES;
				CLANG_WARN_ENUM_CONVERSION = YES;
				CLANG_WARN_INFINITE_RECURSION = YES;
				CLANG_WARN_INT_CONVERSION = YES;
				CLANG_WARN_NON_LITERAL_NULL_CONVERSION = YES;
				CLANG_WARN_OBJC_LITERAL_CONVERSION = YES;
				CLANG_WARN_OBJC_ROOT_CLASS = YES_ERROR;
				CLANG_WARN_RANGE_LOOP_ANALYSIS = YES;
				CLANG_WARN_STRICT_PROTOTYPES = YES;
				CLANG_WARN_SUSPICIOUS_MOVE = YES;
				CLANG_WARN_UNGUARDED_AVAILABILITY = YES_AGGRESSIVE;
				CLANG_WARN_UNREACHABLE_CODE = YES;
				CLANG_WARN__DUPLICATE_METHOD_MATCH = YES;
				CODE_SIGN_IDENTITY = "iPhone Developer";
				COPY_PHASE_STRIP = NO;
				DEBUG_INFORMATION_FORMAT = "dwarf-with-dsym";
				ENABLE_NS_ASSERTIONS = NO;
				ENABLE_STRICT_OBJC_MSGSEND = YES;
				GCC_C_LANGUAGE_STANDARD = gnu11;
				GCC_NO_COMMON_BLOCKS = YES;
				GCC_WARN_64_TO_32_BIT_CONVERSION = YES;
				GCC_WARN_ABOUT_RETURN_TYPE = YES_ERROR;
				GCC_WARN_UNDECLARED_SELECTOR = YES;
				GCC_WARN_UNINITIALIZED_AUTOS = YES_AGGRESSIVE;
				GCC_WARN_UNUSED_FUNCTION = YES;
				GCC_WARN_UNUSED_VARIABLE = YES;
				IPHONEOS_DEPLOYMENT_TARGET = 11.2;
				MTL_ENABLE_DEBUG_INFO = NO;
				SDKROOT = iphoneos;
				SWIFT_OPTIMIZATION_LEVEL = "-Owholemodule";
				VALIDATE_PRODUCT = YES;
			};
			name = Release;
		};
		A5B12B64205910E700E4787E /* Debug */ = {
			isa = XCBuildConfiguration;
			buildSettings = {
				ASSETCATALOG_COMPILER_APPICON_NAME = AppIcon;
				CODE_SIGN_STYLE = Automatic;
				DEVELOPMENT_TEAM = W7LY8NA626;
				INFOPLIST_FILE = helloWeChat/Info.plist;
				LD_RUNPATH_SEARCH_PATHS = "$(inherited) @executable_path/Frameworks";
				PRODUCT_BUNDLE_IDENTIFIER = com.Morris.helloWeChat;
				PRODUCT_NAME = "$(TARGET_NAME)";
				SWIFT_VERSION = 4.0;
				TARGETED_DEVICE_FAMILY = "1,2";
			};
			name = Debug;
		};
		A5B12B65205910E700E4787E /* Release */ = {
			isa = XCBuildConfiguration;
			buildSettings = {
				ASSETCATALOG_COMPILER_APPICON_NAME = AppIcon;
				CODE_SIGN_STYLE = Automatic;
				DEVELOPMENT_TEAM = W7LY8NA626;
				INFOPLIST_FILE = helloWeChat/Info.plist;
				LD_RUNPATH_SEARCH_PATHS = "$(inherited) @executable_path/Frameworks";
				PRODUCT_BUNDLE_IDENTIFIER = com.Morris.helloWeChat;
				PRODUCT_NAME = "$(TARGET_NAME)";
				SWIFT_VERSION = 4.0;
				TARGETED_DEVICE_FAMILY = "1,2";
			};
			name = Release;
		};
/* End XCBuildConfiguration section */

/* Begin XCConfigurationList section */
		A5B12B4C205910E700E4787E /* Build configuration list for PBXProject "helloWeChat" */ = {
			isa = XCConfigurationList;
			buildConfigurations = (
				A5B12B61205910E700E4787E /* Debug */,
				A5B12B62205910E700E4787E /* Release */,
			);
			defaultConfigurationIsVisible = 0;
			defaultConfigurationName = Release;
		};
		A5B12B63205910E700E4787E /* Build configuration list for PBXNativeTarget "helloWeChat" */ = {
			isa = XCConfigurationList;
			buildConfigurations = (
				A5B12B64205910E700E4787E /* Debug */,
				A5B12B65205910E700E4787E /* Release */,
			);
			defaultConfigurationIsVisible = 0;
			defaultConfigurationName = Release;
		};
/* End XCConfigurationList section */
	};
	rootObject = A5B12B49205910E700E4787E /* Project object */;
}
