// !$*UTF8*$!
{
	archiveVersion = 1;
	classes = {
	};
	objectVersion = 48;
	objects = {

/* Begin PBXBuildFile section */
		4DAAF5F52048EA100037DE33 /* AppDelegate.swift in Sources */ = {isa = PBXBuildFile; fileRef = 4DAAF5F42048EA100037DE33 /* AppDelegate.swift */; };
		4DAAF5FA2048EA100037DE33 /* Main.storyboard in Resources */ = {isa = PBXBuildFile; fileRef = 4DAAF5F82048EA100037DE33 /* Main.storyboard */; };
		4DAAF5FD2048EA100037DE33 /* Ells.xcdatamodeld in Sources */ = {isa = PBXBuildFile; fileRef = 4DAAF5FB2048EA100037DE33 /* Ells.xcdatamodeld */; };
		4DAAF5FF2048EA100037DE33 /* Assets.xcassets in Resources */ = {isa = PBXBuildFile; fileRef = 4DAAF5FE2048EA100037DE33 /* Assets.xcassets */; };
		4DAAF6022048EA100037DE33 /* LaunchScreen.storyboard in Resources */ = {isa = PBXBuildFile; fileRef = 4DAAF6002048EA100037DE33 /* LaunchScreen.storyboard */; };
		4DAAF60D2048F07F0037DE33 /* PersonalInfoViewCOntrollerViewController.swift in Sources */ = {isa = PBXBuildFile; fileRef = 4DAAF60C2048F07F0037DE33 /* PersonalInfoViewCOntrollerViewController.swift */; };
		4DAAF60F2048F4000037DE33 /* ChangeNameViewController.swift in Sources */ = {isa = PBXBuildFile; fileRef = 4DAAF60E2048F4000037DE33 /* ChangeNameViewController.swift */; };
		4DAAF6112048FB260037DE33 /* UserDefaultDelegate.swift in Sources */ = {isa = PBXBuildFile; fileRef = 4DAAF6102048FB260037DE33 /* UserDefaultDelegate.swift */; };
		4DAAF613204928580037DE33 /* RootViewController.swift in Sources */ = {isa = PBXBuildFile; fileRef = 4DAAF612204928580037DE33 /* RootViewController.swift */; };
		4DAAF615204929770037DE33 /* RootCell.swift in Sources */ = {isa = PBXBuildFile; fileRef = 4DAAF614204929770037DE33 /* RootCell.swift */; };
/* End PBXBuildFile section */

/* Begin PBXFileReference section */
		4DAAF5F12048EA100037DE33 /* Ells.app */ = {isa = PBXFileReference; explicitFileType = wrapper.application; includeInIndex = 0; path = Ells.app; sourceTree = BUILT_PRODUCTS_DIR; };
		4DAAF5F42048EA100037DE33 /* AppDelegate.swift */ = {isa = PBXFileReference; lastKnownFileType = sourcecode.swift; path = AppDelegate.swift; sourceTree = "<group>"; };
		4DAAF5F92048EA100037DE33 /* Base */ = {isa = PBXFileReference; lastKnownFileType = file.storyboard; name = Base; path = Base.lproj/Main.storyboard; sourceTree = "<group>"; };
		4DAAF5FC2048EA100037DE33 /* Ells.xcdatamodel */ = {isa = PBXFileReference; lastKnownFileType = wrapper.xcdatamodel; path = Ells.xcdatamodel; sourceTree = "<group>"; };
		4DAAF5FE2048EA100037DE33 /* Assets.xcassets */ = {isa = PBXFileReference; lastKnownFileType = folder.assetcatalog; path = Assets.xcassets; sourceTree = "<group>"; };
		4DAAF6012048EA100037DE33 /* Base */ = {isa = PBXFileReference; lastKnownFileType = file.storyboard; name = Base; path = Base.lproj/LaunchScreen.storyboard; sourceTree = "<group>"; };
		4DAAF6032048EA100037DE33 /* Info.plist */ = {isa = PBXFileReference; lastKnownFileType = text.plist.xml; path = Info.plist; sourceTree = "<group>"; };
		4DAAF60C2048F07F0037DE33 /* PersonalInfoViewCOntrollerViewController.swift */ = {isa = PBXFileReference; lastKnownFileType = sourcecode.swift; path = PersonalInfoViewCOntrollerViewController.swift; sourceTree = "<group>"; };
		4DAAF60E2048F4000037DE33 /* ChangeNameViewController.swift */ = {isa = PBXFileReference; lastKnownFileType = sourcecode.swift; path = ChangeNameViewController.swift; sourceTree = "<group>"; };
		4DAAF6102048FB260037DE33 /* UserDefaultDelegate.swift */ = {isa = PBXFileReference; lastKnownFileType = sourcecode.swift; path = UserDefaultDelegate.swift; sourceTree = "<group>"; };
		4DAAF612204928580037DE33 /* RootViewController.swift */ = {isa = PBXFileReference; lastKnownFileType = sourcecode.swift; path = RootViewController.swift; sourceTree = "<group>"; };
		4DAAF614204929770037DE33 /* RootCell.swift */ = {isa = PBXFileReference; lastKnownFileType = sourcecode.swift; path = RootCell.swift; sourceTree = "<group>"; };
/* End PBXFileReference section */

/* Begin PBXFrameworksBuildPhase section */
		4DAAF5EE2048EA100037DE33 /* Frameworks */ = {
			isa = PBXFrameworksBuildPhase;
			buildActionMask = 2147483647;
			files = (
			);
			runOnlyForDeploymentPostprocessing = 0;
		};
/* End PBXFrameworksBuildPhase section */

/* Begin PBXGroup section */
		4DAAF5E82048EA100037DE33 = {
			isa = PBXGroup;
			children = (
				4DAAF5F32048EA100037DE33 /* Ells */,
				4DAAF5F22048EA100037DE33 /* Products */,
			);
			sourceTree = "<group>";
		};
		4DAAF5F22048EA100037DE33 /* Products */ = {
			isa = PBXGroup;
			children = (
				4DAAF5F12048EA100037DE33 /* Ells.app */,
			);
			name = Products;
			sourceTree = "<group>";
		};
		4DAAF5F32048EA100037DE33 /* Ells */ = {
			isa = PBXGroup;
			children = (
				4DAAF60B2048EB280037DE33 /* Module */,
				4DAAF60A2048EB1C0037DE33 /* View Controller */,
				4DAAF6092048EAFD0037DE33 /* View */,
				4DAAF5F82048EA100037DE33 /* Main.storyboard */,
				4DAAF5FE2048EA100037DE33 /* Assets.xcassets */,
				4DAAF6002048EA100037DE33 /* LaunchScreen.storyboard */,
				4DAAF6032048EA100037DE33 /* Info.plist */,
				4DAAF5FB2048EA100037DE33 /* Ells.xcdatamodeld */,
			);
			path = Ells;
			sourceTree = "<group>";
		};
		4DAAF6092048EAFD0037DE33 /* View */ = {
			isa = PBXGroup;
			children = (
			);
			path = View;
			sourceTree = "<group>";
		};
		4DAAF60A2048EB1C0037DE33 /* View Controller */ = {
			isa = PBXGroup;
			children = (
				4DAAF60C2048F07F0037DE33 /* PersonalInfoViewCOntrollerViewController.swift */,
				4DAAF60E2048F4000037DE33 /* ChangeNameViewController.swift */,
				4DAAF612204928580037DE33 /* RootViewController.swift */,
				4DAAF614204929770037DE33 /* RootCell.swift */,
			);
			path = "View Controller";
			sourceTree = "<group>";
		};
		4DAAF60B2048EB280037DE33 /* Module */ = {
			isa = PBXGroup;
			children = (
				4DAAF5F42048EA100037DE33 /* AppDelegate.swift */,
				4DAAF6102048FB260037DE33 /* UserDefaultDelegate.swift */,
			);
			path = Module;
			sourceTree = "<group>";
		};
/* End PBXGroup section */

/* Begin PBXNativeTarget section */
		4DAAF5F02048EA100037DE33 /* Ells */ = {
			isa = PBXNativeTarget;
			buildConfigurationList = 4DAAF6062048EA100037DE33 /* Build configuration list for PBXNativeTarget "Ells" */;
			buildPhases = (
				4DAAF5ED2048EA100037DE33 /* Sources */,
				4DAAF5EE2048EA100037DE33 /* Frameworks */,
				4DAAF5EF2048EA100037DE33 /* Resources */,
			);
			buildRules = (
			);
			dependencies = (
			);
			name = Ells;
			productName = Ells;
			productReference = 4DAAF5F12048EA100037DE33 /* Ells.app */;
			productType = "com.apple.product-type.application";
		};
/* End PBXNativeTarget section */

/* Begin PBXProject section */
		4DAAF5E92048EA100037DE33 /* Project object */ = {
			isa = PBXProject;
			attributes = {
				LastSwiftUpdateCheck = 0920;
				LastUpgradeCheck = 0920;
				ORGANIZATIONNAME = "唐嘉伶";
				TargetAttributes = {
					4DAAF5F02048EA100037DE33 = {
						CreatedOnToolsVersion = 9.2;
						ProvisioningStyle = Automatic;
					};
				};
			};
			buildConfigurationList = 4DAAF5EC2048EA100037DE33 /* Build configuration list for PBXProject "Ells" */;
			compatibilityVersion = "Xcode 8.0";
			developmentRegion = en;
			hasScannedForEncodings = 0;
			knownRegions = (
				en,
				Base,
			);
			mainGroup = 4DAAF5E82048EA100037DE33;
			productRefGroup = 4DAAF5F22048EA100037DE33 /* Products */;
			projectDirPath = "";
			projectRoot = "";
			targets = (
				4DAAF5F02048EA100037DE33 /* Ells */,
			);
		};
/* End PBXProject section */

/* Begin PBXResourcesBuildPhase section */
		4DAAF5EF2048EA100037DE33 /* Resources */ = {
			isa = PBXResourcesBuildPhase;
			buildActionMask = 2147483647;
			files = (
				4DAAF6022048EA100037DE33 /* LaunchScreen.storyboard in Resources */,
				4DAAF5FF2048EA100037DE33 /* Assets.xcassets in Resources */,
				4DAAF5FA2048EA100037DE33 /* Main.storyboard in Resources */,
			);
			runOnlyForDeploymentPostprocessing = 0;
		};
/* End PBXResourcesBuildPhase section */

/* Begin PBXSourcesBuildPhase section */
		4DAAF5ED2048EA100037DE33 /* Sources */ = {
			isa = PBXSourcesBuildPhase;
			buildActionMask = 2147483647;
			files = (
				4DAAF5FD2048EA100037DE33 /* Ells.xcdatamodeld in Sources */,
				4DAAF60F2048F4000037DE33 /* ChangeNameViewController.swift in Sources */,
				4DAAF613204928580037DE33 /* RootViewController.swift in Sources */,
				4DAAF6112048FB260037DE33 /* UserDefaultDelegate.swift in Sources */,
				4DAAF615204929770037DE33 /* RootCell.swift in Sources */,
				4DAAF5F52048EA100037DE33 /* AppDelegate.swift in Sources */,
				4DAAF60D2048F07F0037DE33 /* PersonalInfoViewCOntrollerViewController.swift in Sources */,
			);
			runOnlyForDeploymentPostprocessing = 0;
		};
/* End PBXSourcesBuildPhase section */

/* Begin PBXVariantGroup section */
		4DAAF5F82048EA100037DE33 /* Main.storyboard */ = {
			isa = PBXVariantGroup;
			children = (
				4DAAF5F92048EA100037DE33 /* Base */,
			);
			name = Main.storyboard;
			sourceTree = "<group>";
		};
		4DAAF6002048EA100037DE33 /* LaunchScreen.storyboard */ = {
			isa = PBXVariantGroup;
			children = (
				4DAAF6012048EA100037DE33 /* Base */,
			);
			name = LaunchScreen.storyboard;
			sourceTree = "<group>";
		};
/* End PBXVariantGroup section */

/* Begin XCBuildConfiguration section */
		4DAAF6042048EA100037DE33 /* Debug */ = {
			isa = XCBuildConfiguration;
			buildSettings = {
				ALWAYS_SEARCH_USER_PATHS = NO;
				CLANG_ANALYZER_NONNULL = YES;
				CLANG_ANALYZER_NUMBER_OBJECT_CONVERSION = YES_AGGRESSIVE;
				CLANG_CXX_LANGUAGE_STANDARD = "gnu++14";
				CLANG_CXX_LIBRARY = "libc++";
				CLANG_ENABLE_MODULES = YES;
				CLANG_ENABLE_OBJC_ARC = YES;
				CLANG_WARN_BLOCK_CAPTURE_AUTORELEASING = YES;
				CLANG_WARN_BOOL_CONVERSION = YES;
				CLANG_WARN_COMMA = YES;
				CLANG_WARN_CONSTANT_CONVERSION = YES;
				CLANG_WARN_DIRECT_OBJC_ISA_USAGE = YES_ERROR;
				CLANG_WARN_DOCUMENTATION_COMMENTS = YES;
				CLANG_WARN_EMPTY_BODY = YES;
				CLANG_WARN_ENUM_CONVERSION = YES;
				CLANG_WARN_INFINITE_RECURSION = YES;
				CLANG_WARN_INT_CONVERSION = YES;
				CLANG_WARN_NON_LITERAL_NULL_CONVERSION = YES;
				CLANG_WARN_OBJC_LITERAL_CONVERSION = YES;
				CLANG_WARN_OBJC_ROOT_CLASS = YES_ERROR;
				CLANG_WARN_RANGE_LOOP_ANALYSIS = YES;
				CLANG_WARN_STRICT_PROTOTYPES = YES;
				CLANG_WARN_SUSPICIOUS_MOVE = YES;
				CLANG_WARN_UNGUARDED_AVAILABILITY = YES_AGGRESSIVE;
				CLANG_WARN_UNREACHABLE_CODE = YES;
				CLANG_WARN__DUPLICATE_METHOD_MATCH = YES;
				CODE_SIGN_IDENTITY = "iPhone Developer";
				COPY_PHASE_STRIP = NO;
				DEBUG_INFORMATION_FORMAT = dwarf;
				ENABLE_STRICT_OBJC_MSGSEND = YES;
				ENABLE_TESTABILITY = YES;
				GCC_C_LANGUAGE_STANDARD = gnu11;
				GCC_DYNAMIC_NO_PIC = NO;
				GCC_NO_COMMON_BLOCKS = YES;
				GCC_OPTIMIZATION_LEVEL = 0;
				GCC_PREPROCESSOR_DEFINITIONS = (
					"DEBUG=1",
					"$(inherited)",
				);
				GCC_WARN_64_TO_32_BIT_CONVERSION = YES;
				GCC_WARN_ABOUT_RETURN_TYPE = YES_ERROR;
				GCC_WARN_UNDECLARED_SELECTOR = YES;
				GCC_WARN_UNINITIALIZED_AUTOS = YES_AGGRESSIVE;
				GCC_WARN_UNUSED_FUNCTION = YES;
				GCC_WARN_UNUSED_VARIABLE = YES;
				IPHONEOS_DEPLOYMENT_TARGET = 11.2;
				MTL_ENABLE_DEBUG_INFO = YES;
				ONLY_ACTIVE_ARCH = YES;
				SDKROOT = iphoneos;
				SWIFT_ACTIVE_COMPILATION_CONDITIONS = DEBUG;
				SWIFT_OPTIMIZATION_LEVEL = "-Onone";
			};
			name = Debug;
		};
		4DAAF6052048EA100037DE33 /* Release */ = {
			isa = XCBuildConfiguration;
			buildSettings = {
				ALWAYS_SEARCH_USER_PATHS = NO;
				CLANG_ANALYZER_NONNULL = YES;
				CLANG_ANALYZER_NUMBER_OBJECT_CONVERSION = YES_AGGRESSIVE;
				CLANG_CXX_LANGUAGE_STANDARD = "gnu++14";
				CLANG_CXX_LIBRARY = "libc++";
				CLANG_ENABLE_MODULES = YES;
				CLANG_ENABLE_OBJC_ARC = YES;
				CLANG_WARN_BLOCK_CAPTURE_AUTORELEASING = YES;
				CLANG_WARN_BOOL_CONVERSION = YES;
				CLANG_WARN_COMMA = YES;
				CLANG_WARN_CONSTANT_CONVERSION = YES;
				CLANG_WARN_DIRECT_OBJC_ISA_USAGE = YES_ERROR;
				CLANG_WARN_DOCUMENTATION_COMMENTS = YES;
				CLANG_WARN_EMPTY_BODY = YES;
				CLANG_WARN_ENUM_CONVERSION = YES;
				CLANG_WARN_INFINITE_RECURSION = YES;
				CLANG_WARN_INT_CONVERSION = YES;
				CLANG_WARN_NON_LITERAL_NULL_CONVERSION = YES;
				CLANG_WARN_OBJC_LITERAL_CONVERSION = YES;
				CLANG_WARN_OBJC_ROOT_CLASS = YES_ERROR;
				CLANG_WARN_RANGE_LOOP_ANALYSIS = YES;
				CLANG_WARN_STRICT_PROTOTYPES = YES;
				CLANG_WARN_SUSPICIOUS_MOVE = YES;
				CLANG_WARN_UNGUARDED_AVAILABILITY = YES_AGGRESSIVE;
				CLANG_WARN_UNREACHABLE_CODE = YES;
				CLANG_WARN__DUPLICATE_METHOD_MATCH = YES;
				CODE_SIGN_IDENTITY = "iPhone Developer";
				COPY_PHASE_STRIP = NO;
				DEBUG_INFORMATION_FORMAT = "dwarf-with-dsym";
				ENABLE_NS_ASSERTIONS = NO;
				ENABLE_STRICT_OBJC_MSGSEND = YES;
				GCC_C_LANGUAGE_STANDARD = gnu11;
				GCC_NO_COMMON_BLOCKS = YES;
				GCC_WARN_64_TO_32_BIT_CONVERSION = YES;
				GCC_WARN_ABOUT_RETURN_TYPE = YES_ERROR;
				GCC_WARN_UNDECLARED_SELECTOR = YES;
				GCC_WARN_UNINITIALIZED_AUTOS = YES_AGGRESSIVE;
				GCC_WARN_UNUSED_FUNCTION = YES;
				GCC_WARN_UNUSED_VARIABLE = YES;
				IPHONEOS_DEPLOYMENT_TARGET = 11.2;
				MTL_ENABLE_DEBUG_INFO = NO;
				SDKROOT = iphoneos;
				SWIFT_OPTIMIZATION_LEVEL = "-Owholemodule";
				VALIDATE_PRODUCT = YES;
			};
			name = Release;
		};
		4DAAF6072048EA100037DE33 /* Debug */ = {
			isa = XCBuildConfiguration;
			buildSettings = {
				ASSETCATALOG_COMPILER_APPICON_NAME = AppIcon;
				CODE_SIGN_STYLE = Automatic;
				DEVELOPMENT_TEAM = M656G7437U;
				INFOPLIST_FILE = Ells/Info.plist;
				LD_RUNPATH_SEARCH_PATHS = "$(inherited) @executable_path/Frameworks";
				PRODUCT_BUNDLE_IDENTIFIER = noNeed.Ells;
				PRODUCT_NAME = "$(TARGET_NAME)";
				SWIFT_VERSION = 4.0;
				TARGETED_DEVICE_FAMILY = "1,2";
			};
			name = Debug;
		};
		4DAAF6082048EA100037DE33 /* Release */ = {
			isa = XCBuildConfiguration;
			buildSettings = {
				ASSETCATALOG_COMPILER_APPICON_NAME = AppIcon;
				CODE_SIGN_STYLE = Automatic;
				DEVELOPMENT_TEAM = M656G7437U;
				INFOPLIST_FILE = Ells/Info.plist;
				LD_RUNPATH_SEARCH_PATHS = "$(inherited) @executable_path/Frameworks";
				PRODUCT_BUNDLE_IDENTIFIER = noNeed.Ells;
				PRODUCT_NAME = "$(TARGET_NAME)";
				SWIFT_VERSION = 4.0;
				TARGETED_DEVICE_FAMILY = "1,2";
			};
			name = Release;
		};
/* End XCBuildConfiguration section */

/* Begin XCConfigurationList section */
		4DAAF5EC2048EA100037DE33 /* Build configuration list for PBXProject "Ells" */ = {
			isa = XCConfigurationList;
			buildConfigurations = (
				4DAAF6042048EA100037DE33 /* Debug */,
				4DAAF6052048EA100037DE33 /* Release */,
			);
			defaultConfigurationIsVisible = 0;
			defaultConfigurationName = Release;
		};
		4DAAF6062048EA100037DE33 /* Build configuration list for PBXNativeTarget "Ells" */ = {
			isa = XCConfigurationList;
			buildConfigurations = (
				4DAAF6072048EA100037DE33 /* Debug */,
				4DAAF6082048EA100037DE33 /* Release */,
			);
			defaultConfigurationIsVisible = 0;
			defaultConfigurationName = Release;
		};
/* End XCConfigurationList section */

/* Begin XCVersionGroup section */
		4DAAF5FB2048EA100037DE33 /* Ells.xcdatamodeld */ = {
			isa = XCVersionGroup;
			children = (
				4DAAF5FC2048EA100037DE33 /* Ells.xcdatamodel */,
			);
			currentVersion = 4DAAF5FC2048EA100037DE33 /* Ells.xcdatamodel */;
			path = Ells.xcdatamodeld;
			sourceTree = "<group>";
			versionGroupType = wrapper.xcdatamodel;
		};
/* End XCVersionGroup section */
	};
	rootObject = 4DAAF5E92048EA100037DE33 /* Project object */;
}
