// !$*UTF8*$!
{
	archiveVersion = 1;
	classes = {
	};
	objectVersion = 48;
	objects = {

/* Begin PBXBuildFile section */
		4DA4D5B02059125700C2B51B /* AppDelegate.swift in Sources */ = {isa = PBXBuildFile; fileRef = 4DA4D5AF2059125700C2B51B /* AppDelegate.swift */; };
		4DA4D5B22059125700C2B51B /* ViewController.swift in Sources */ = {isa = PBXBuildFile; fileRef = 4DA4D5B12059125700C2B51B /* ViewController.swift */; };
		4DA4D5B52059125700C2B51B /* Main.storyboard in Resources */ = {isa = PBXBuildFile; fileRef = 4DA4D5B32059125700C2B51B /* Main.storyboard */; };
		4DA4D5B82059125700C2B51B /* Ells.xcdatamodeld in Sources */ = {isa = PBXBuildFile; fileRef = 4DA4D5B62059125700C2B51B /* Ells.xcdatamodeld */; };
		4DA4D5BA2059125700C2B51B /* Assets.xcassets in Resources */ = {isa = PBXBuildFile; fileRef = 4DA4D5B92059125700C2B51B /* Assets.xcassets */; };
		4DA4D5BD2059125700C2B51B /* LaunchScreen.storyboard in Resources */ = {isa = PBXBuildFile; fileRef = 4DA4D5BB2059125700C2B51B /* LaunchScreen.storyboard */; };
/* End PBXBuildFile section */

/* Begin PBXFileReference section */
		4DA4D5AC2059125700C2B51B /* Ells.app */ = {isa = PBXFileReference; explicitFileType = wrapper.application; includeInIndex = 0; path = Ells.app; sourceTree = BUILT_PRODUCTS_DIR; };
		4DA4D5AF2059125700C2B51B /* AppDelegate.swift */ = {isa = PBXFileReference; lastKnownFileType = sourcecode.swift; path = AppDelegate.swift; sourceTree = "<group>"; };
		4DA4D5B12059125700C2B51B /* ViewController.swift */ = {isa = PBXFileReference; lastKnownFileType = sourcecode.swift; path = ViewController.swift; sourceTree = "<group>"; };
		4DA4D5B42059125700C2B51B /* Base */ = {isa = PBXFileReference; lastKnownFileType = file.storyboard; name = Base; path = Base.lproj/Main.storyboard; sourceTree = "<group>"; };
		4DA4D5B72059125700C2B51B /* Ells.xcdatamodel */ = {isa = PBXFileReference; lastKnownFileType = wrapper.xcdatamodel; path = Ells.xcdatamodel; sourceTree = "<group>"; };
		4DA4D5B92059125700C2B51B /* Assets.xcassets */ = {isa = PBXFileReference; lastKnownFileType = folder.assetcatalog; path = Assets.xcassets; sourceTree = "<group>"; };
		4DA4D5BC2059125700C2B51B /* Base */ = {isa = PBXFileReference; lastKnownFileType = file.storyboard; name = Base; path = Base.lproj/LaunchScreen.storyboard; sourceTree = "<group>"; };
		4DA4D5BE2059125700C2B51B /* Info.plist */ = {isa = PBXFileReference; lastKnownFileType = text.plist.xml; path = Info.plist; sourceTree = "<group>"; };
/* End PBXFileReference section */

/* Begin PBXFrameworksBuildPhase section */
		4DA4D5A92059125700C2B51B /* Frameworks */ = {
			isa = PBXFrameworksBuildPhase;
			buildActionMask = 2147483647;
			files = (
			);
			runOnlyForDeploymentPostprocessing = 0;
		};
/* End PBXFrameworksBuildPhase section */

/* Begin PBXGroup section */
		4DA4D5A32059125700C2B51B = {
			isa = PBXGroup;
			children = (
				4DA4D5AE2059125700C2B51B /* Ells */,
				4DA4D5AD2059125700C2B51B /* Products */,
			);
			sourceTree = "<group>";
		};
		4DA4D5AD2059125700C2B51B /* Products */ = {
			isa = PBXGroup;
			children = (
				4DA4D5AC2059125700C2B51B /* Ells.app */,
			);
			name = Products;
			sourceTree = "<group>";
		};
		4DA4D5AE2059125700C2B51B /* Ells */ = {
			isa = PBXGroup;
			children = (
				4DA4D5AF2059125700C2B51B /* AppDelegate.swift */,
				4DA4D5B12059125700C2B51B /* ViewController.swift */,
				4DA4D5B32059125700C2B51B /* Main.storyboard */,
				4DA4D5B92059125700C2B51B /* Assets.xcassets */,
				4DA4D5BB2059125700C2B51B /* LaunchScreen.storyboard */,
				4DA4D5BE2059125700C2B51B /* Info.plist */,
				4DA4D5B62059125700C2B51B /* Ells.xcdatamodeld */,
			);
			path = Ells;
			sourceTree = "<group>";
		};
/* End PBXGroup section */

/* Begin PBXNativeTarget section */
		4DA4D5AB2059125700C2B51B /* Ells */ = {
			isa = PBXNativeTarget;
			buildConfigurationList = 4DA4D5C12059125700C2B51B /* Build configuration list for PBXNativeTarget "Ells" */;
			buildPhases = (
				4DA4D5A82059125700C2B51B /* Sources */,
				4DA4D5A92059125700C2B51B /* Frameworks */,
				4DA4D5AA2059125700C2B51B /* Resources */,
			);
			buildRules = (
			);
			dependencies = (
			);
			name = Ells;
			productName = Ells;
			productReference = 4DA4D5AC2059125700C2B51B /* Ells.app */;
			productType = "com.apple.product-type.application";
		};
/* End PBXNativeTarget section */

/* Begin PBXProject section */
		4DA4D5A42059125700C2B51B /* Project object */ = {
			isa = PBXProject;
			attributes = {
				LastSwiftUpdateCheck = 0920;
				LastUpgradeCheck = 0920;
				ORGANIZATIONNAME = "唐嘉伶";
				TargetAttributes = {
					4DA4D5AB2059125700C2B51B = {
						CreatedOnToolsVersion = 9.2;
						ProvisioningStyle = Automatic;
					};
				};
			};
			buildConfigurationList = 4DA4D5A72059125700C2B51B /* Build configuration list for PBXProject "Ells" */;
			compatibilityVersion = "Xcode 8.0";
			developmentRegion = en;
			hasScannedForEncodings = 0;
			knownRegions = (
				en,
				Base,
			);
			mainGroup = 4DA4D5A32059125700C2B51B;
			productRefGroup = 4DA4D5AD2059125700C2B51B /* Products */;
			projectDirPath = "";
			projectRoot = "";
			targets = (
				4DA4D5AB2059125700C2B51B /* Ells */,
			);
		};
/* End PBXProject section */

/* Begin PBXResourcesBuildPhase section */
		4DA4D5AA2059125700C2B51B /* Resources */ = {
			isa = PBXResourcesBuildPhase;
			buildActionMask = 2147483647;
			files = (
				4DA4D5BD2059125700C2B51B /* LaunchScreen.storyboard in Resources */,
				4DA4D5BA2059125700C2B51B /* Assets.xcassets in Resources */,
				4DA4D5B52059125700C2B51B /* Main.storyboard in Resources */,
			);
			runOnlyForDeploymentPostprocessing = 0;
		};
/* End PBXResourcesBuildPhase section */

/* Begin PBXSourcesBuildPhase section */
		4DA4D5A82059125700C2B51B /* Sources */ = {
			isa = PBXSourcesBuildPhase;
			buildActionMask = 2147483647;
			files = (
				4DA4D5B22059125700C2B51B /* ViewController.swift in Sources */,
				4DA4D5B82059125700C2B51B /* Ells.xcdatamodeld in Sources */,
				4DA4D5B02059125700C2B51B /* AppDelegate.swift in Sources */,
			);
			runOnlyForDeploymentPostprocessing = 0;
		};
/* End PBXSourcesBuildPhase section */

/* Begin PBXVariantGroup section */
		4DA4D5B32059125700C2B51B /* Main.storyboard */ = {
			isa = PBXVariantGroup;
			children = (
				4DA4D5B42059125700C2B51B /* Base */,
			);
			name = Main.storyboard;
			sourceTree = "<group>";
		};
		4DA4D5BB2059125700C2B51B /* LaunchScreen.storyboard */ = {
			isa = PBXVariantGroup;
			children = (
				4DA4D5BC2059125700C2B51B /* Base */,
			);
			name = LaunchScreen.storyboard;
			sourceTree = "<group>";
		};
/* End PBXVariantGroup section */

/* Begin XCBuildConfiguration section */
		4DA4D5BF2059125700C2B51B /* Debug */ = {
			isa = XCBuildConfiguration;
			buildSettings = {
				ALWAYS_SEARCH_USER_PATHS = NO;
				CLANG_ANALYZER_NONNULL = YES;
				CLANG_ANALYZER_NUMBER_OBJECT_CONVERSION = YES_AGGRESSIVE;
				CLANG_CXX_LANGUAGE_STANDARD = "gnu++14";
				CLANG_CXX_LIBRARY = "libc++";
				CLANG_ENABLE_MODULES = YES;
				CLANG_ENABLE_OBJC_ARC = YES;
				CLANG_WARN_BLOCK_CAPTURE_AUTORELEASING = YES;
				CLANG_WARN_BOOL_CONVERSION = YES;
				CLANG_WARN_COMMA = YES;
				CLANG_WARN_CONSTANT_CONVERSION = YES;
				CLANG_WARN_DIRECT_OBJC_ISA_USAGE = YES_ERROR;
				CLANG_WARN_DOCUMENTATION_COMMENTS = YES;
				CLANG_WARN_EMPTY_BODY = YES;
				CLANG_WARN_ENUM_CONVERSION = YES;
				CLANG_WARN_INFINITE_RECURSION = YES;
				CLANG_WARN_INT_CONVERSION = YES;
				CLANG_WARN_NON_LITERAL_NULL_CONVERSION = YES;
				CLANG_WARN_OBJC_LITERAL_CONVERSION = YES;
				CLANG_WARN_OBJC_ROOT_CLASS = YES_ERROR;
				CLANG_WARN_RANGE_LOOP_ANALYSIS = YES;
				CLANG_WARN_STRICT_PROTOTYPES = YES;
				CLANG_WARN_SUSPICIOUS_MOVE = YES;
				CLANG_WARN_UNGUARDED_AVAILABILITY = YES_AGGRESSIVE;
				CLANG_WARN_UNREACHABLE_CODE = YES;
				CLANG_WARN__DUPLICATE_METHOD_MATCH = YES;
				CODE_SIGN_IDENTITY = "iPhone Developer";
				COPY_PHASE_STRIP = NO;
				DEBUG_INFORMATION_FORMAT = dwarf;
				ENABLE_STRICT_OBJC_MSGSEND = YES;
				ENABLE_TESTABILITY = YES;
				GCC_C_LANGUAGE_STANDARD = gnu11;
				GCC_DYNAMIC_NO_PIC = NO;
				GCC_NO_COMMON_BLOCKS = YES;
				GCC_OPTIMIZATION_LEVEL = 0;
				GCC_PREPROCESSOR_DEFINITIONS = (
					"DEBUG=1",
					"$(inherited)",
				);
				GCC_WARN_64_TO_32_BIT_CONVERSION = YES;
				GCC_WARN_ABOUT_RETURN_TYPE = YES_ERROR;
				GCC_WARN_UNDECLARED_SELECTOR = YES;
				GCC_WARN_UNINITIALIZED_AUTOS = YES_AGGRESSIVE;
				GCC_WARN_UNUSED_FUNCTION = YES;
				GCC_WARN_UNUSED_VARIABLE = YES;
				IPHONEOS_DEPLOYMENT_TARGET = 11.2;
				MTL_ENABLE_DEBUG_INFO = YES;
				ONLY_ACTIVE_ARCH = YES;
				SDKROOT = iphoneos;
				SWIFT_ACTIVE_COMPILATION_CONDITIONS = DEBUG;
				SWIFT_OPTIMIZATION_LEVEL = "-Onone";
			};
			name = Debug;
		};
		4DA4D5C02059125700C2B51B /* Release */ = {
			isa = XCBuildConfiguration;
			buildSettings = {
				ALWAYS_SEARCH_USER_PATHS = NO;
				CLANG_ANALYZER_NONNULL = YES;
				CLANG_ANALYZER_NUMBER_OBJECT_CONVERSION = YES_AGGRESSIVE;
				CLANG_CXX_LANGUAGE_STANDARD = "gnu++14";
				CLANG_CXX_LIBRARY = "libc++";
				CLANG_ENABLE_MODULES = YES;
				CLANG_ENABLE_OBJC_ARC = YES;
				CLANG_WARN_BLOCK_CAPTURE_AUTORELEASING = YES;
				CLANG_WARN_BOOL_CONVERSION = YES;
				CLANG_WARN_COMMA = YES;
				CLANG_WARN_CONSTANT_CONVERSION = YES;
				CLANG_WARN_DIRECT_OBJC_ISA_USAGE = YES_ERROR;
				CLANG_WARN_DOCUMENTATION_COMMENTS = YES;
				CLANG_WARN_EMPTY_BODY = YES;
				CLANG_WARN_ENUM_CONVERSION = YES;
				CLANG_WARN_INFINITE_RECURSION = YES;
				CLANG_WARN_INT_CONVERSION = YES;
				CLANG_WARN_NON_LITERAL_NULL_CONVERSION = YES;
				CLANG_WARN_OBJC_LITERAL_CONVERSION = YES;
				CLANG_WARN_OBJC_ROOT_CLASS = YES_ERROR;
				CLANG_WARN_RANGE_LOOP_ANALYSIS = YES;
				CLANG_WARN_STRICT_PROTOTYPES = YES;
				CLANG_WARN_SUSPICIOUS_MOVE = YES;
				CLANG_WARN_UNGUARDED_AVAILABILITY = YES_AGGRESSIVE;
				CLANG_WARN_UNREACHABLE_CODE = YES;
				CLANG_WARN__DUPLICATE_METHOD_MATCH = YES;
				CODE_SIGN_IDENTITY = "iPhone Developer";
				COPY_PHASE_STRIP = NO;
				DEBUG_INFORMATION_FORMAT = "dwarf-with-dsym";
				ENABLE_NS_ASSERTIONS = NO;
				ENABLE_STRICT_OBJC_MSGSEND = YES;
				GCC_C_LANGUAGE_STANDARD = gnu11;
				GCC_NO_COMMON_BLOCKS = YES;
				GCC_WARN_64_TO_32_BIT_CONVERSION = YES;
				GCC_WARN_ABOUT_RETURN_TYPE = YES_ERROR;
				GCC_WARN_UNDECLARED_SELECTOR = YES;
				GCC_WARN_UNINITIALIZED_AUTOS = YES_AGGRESSIVE;
				GCC_WARN_UNUSED_FUNCTION = YES;
				GCC_WARN_UNUSED_VARIABLE = YES;
				IPHONEOS_DEPLOYMENT_TARGET = 11.2;
				MTL_ENABLE_DEBUG_INFO = NO;
				SDKROOT = iphoneos;
				SWIFT_OPTIMIZATION_LEVEL = "-Owholemodule";
				VALIDATE_PRODUCT = YES;
			};
			name = Release;
		};
		4DA4D5C22059125700C2B51B /* Debug */ = {
			isa = XCBuildConfiguration;
			buildSettings = {
				ASSETCATALOG_COMPILER_APPICON_NAME = AppIcon;
				CODE_SIGN_STYLE = Automatic;
				DEVELOPMENT_TEAM = M656G7437U;
				INFOPLIST_FILE = Ells/Info.plist;
				LD_RUNPATH_SEARCH_PATHS = "$(inherited) @executable_path/Frameworks";
				PRODUCT_BUNDLE_IDENTIFIER = noNeed.Ells;
				PRODUCT_NAME = "$(TARGET_NAME)";
				SWIFT_VERSION = 4.0;
				TARGETED_DEVICE_FAMILY = "1,2";
			};
			name = Debug;
		};
		4DA4D5C32059125700C2B51B /* Release */ = {
			isa = XCBuildConfiguration;
			buildSettings = {
				ASSETCATALOG_COMPILER_APPICON_NAME = AppIcon;
				CODE_SIGN_STYLE = Automatic;
				DEVELOPMENT_TEAM = M656G7437U;
				INFOPLIST_FILE = Ells/Info.plist;
				LD_RUNPATH_SEARCH_PATHS = "$(inherited) @executable_path/Frameworks";
				PRODUCT_BUNDLE_IDENTIFIER = noNeed.Ells;
				PRODUCT_NAME = "$(TARGET_NAME)";
				SWIFT_VERSION = 4.0;
				TARGETED_DEVICE_FAMILY = "1,2";
			};
			name = Release;
		};
/* End XCBuildConfiguration section */

/* Begin XCConfigurationList section */
		4DA4D5A72059125700C2B51B /* Build configuration list for PBXProject "Ells" */ = {
			isa = XCConfigurationList;
			buildConfigurations = (
				4DA4D5BF2059125700C2B51B /* Debug */,
				4DA4D5C02059125700C2B51B /* Release */,
			);
			defaultConfigurationIsVisible = 0;
			defaultConfigurationName = Release;
		};
		4DA4D5C12059125700C2B51B /* Build configuration list for PBXNativeTarget "Ells" */ = {
			isa = XCConfigurationList;
			buildConfigurations = (
				4DA4D5C22059125700C2B51B /* Debug */,
				4DA4D5C32059125700C2B51B /* Release */,
			);
			defaultConfigurationIsVisible = 0;
			defaultConfigurationName = Release;
		};
/* End XCConfigurationList section */

/* Begin XCVersionGroup section */
		4DA4D5B62059125700C2B51B /* Ells.xcdatamodeld */ = {
			isa = XCVersionGroup;
			children = (
				4DA4D5B72059125700C2B51B /* Ells.xcdatamodel */,
			);
			currentVersion = 4DA4D5B72059125700C2B51B /* Ells.xcdatamodel */;
			path = Ells.xcdatamodeld;
			sourceTree = "<group>";
			versionGroupType = wrapper.xcdatamodel;
		};
/* End XCVersionGroup section */
	};
	rootObject = 4DA4D5A42059125700C2B51B /* Project object */;
}
